
Microsoft Visual Studio Solution File, Format Version 12.00
# Visual Studio 14
VisualStudioVersion = 14.0.24720.0
MinimumVisualStudioVersion = 10.0.40219.1
Project("{FAE04EC0-301F-11D3-BF4B-00C04F79EFBC}") = "mindtouch.graphql", "mindtouch.graphql\mindtouch.graphql.csproj", "{77801F6F-94F7-4A45-99C6-0EA90E1980AB}"
EndProject
Project("{2150E333-8FDC-42A3-9474-1A3956D46DE8}") = "Solution Items", "Solution Items", "{E623F330-AF33-4364-BB5E-1C43CEFC84A5}"
	ProjectSection(SolutionItems) = preProject
		.gitignore = .gitignore
		LICENSE = LICENSE
	EndProjectSection
EndProject
Project("{FAE04EC0-301F-11D3-BF4B-00C04F79EFBC}") = "Sandbox", "Sandbox\Sandbox.csproj", "{B787A129-AF22-4D47-AE89-074C0225B1D5}"
EndProject
Project("{FAE04EC0-301F-11D3-BF4B-00C04F79EFBC}") = "mindtouchtest.graphql", "mindtouchtest.graphql\mindtouchtest.graphql.csproj", "{DF92AD36-019D-4795-86F4-2046723A49EE}"
EndProject
Global
	GlobalSection(SolutionConfigurationPlatforms) = preSolution
		Debug|Any CPU = Debug|Any CPU
		Release|Any CPU = Release|Any CPU
	EndGlobalSection
	GlobalSection(ProjectConfigurationPlatforms) = postSolution
		{77801F6F-94F7-4A45-99C6-0EA90E1980AB}.Debug|Any CPU.ActiveCfg = Debug|Any CPU
		{77801F6F-94F7-4A45-99C6-0EA90E1980AB}.Debug|Any CPU.Build.0 = Debug|Any CPU
		{77801F6F-94F7-4A45-99C6-0EA90E1980AB}.Release|Any CPU.ActiveCfg = Release|Any CPU
		{77801F6F-94F7-4A45-99C6-0EA90E1980AB}.Release|Any CPU.Build.0 = Release|Any CPU
		{B787A129-AF22-4D47-AE89-074C0225B1D5}.Debug|Any CPU.ActiveCfg = Debug|Any CPU
		{B787A129-AF22-4D47-AE89-074C0225B1D5}.Debug|Any CPU.Build.0 = Debug|Any CPU
		{B787A129-AF22-4D47-AE89-074C0225B1D5}.Release|Any CPU.ActiveCfg = Release|Any CPU
		{B787A129-AF22-4D47-AE89-074C0225B1D5}.Release|Any CPU.Build.0 = Release|Any CPU
		{DF92AD36-019D-4795-86F4-2046723A49EE}.Debug|Any CPU.ActiveCfg = Debug|Any CPU
		{DF92AD36-019D-4795-86F4-2046723A49EE}.Debug|Any CPU.Build.0 = Debug|Any CPU
		{DF92AD36-019D-4795-86F4-2046723A49EE}.Release|Any CPU.ActiveCfg = Release|Any CPU
		{DF92AD36-019D-4795-86F4-2046723A49EE}.Release|Any CPU.Build.0 = Release|Any CPU
	EndGlobalSection
	GlobalSection(SolutionProperties) = preSolution
		HideSolutionNode = FALSE
	EndGlobalSection
EndGlobal
